
Microsoft Visual Studio Solution File, Format Version 11.00
# Visual Studio 2010
Project("{8BC9CEB8-8B4A-11D0-8D11-00A0C91BC942}") = "Wrench-Crypto", "Wrench-Crypto\Wrench-Crypto.vcxproj", "{AECF7E0F-4212-4424-AD39-C4BBDEE00699}"
EndProject
Global
	GlobalSection(SolutionConfigurationPlatforms) = preSolution
		Debug|Win32 = Debug|Win32
		Release|Win32 = Release|Win32
	EndGlobalSection
	GlobalSection(ProjectConfigurationPlatforms) = postSolution
		{AECF7E0F-4212-4424-AD39-C4BBDEE00699}.Debug|Win32.ActiveCfg = Debug|Win32
		{AECF7E0F-4212-4424-AD39-C4BBDEE00699}.Debug|Win32.Build.0 = Debug|Win32
		{AECF7E0F-4212-4424-AD39-C4BBDEE00699}.Release|Win32.ActiveCfg = Release|Win32
		{AECF7E0F-4212-4424-AD39-C4BBDEE00699}.Release|Win32.Build.0 = Release|Win32
	EndGlobalSection
	GlobalSection(SolutionProperties) = preSolution
		HideSolutionNode = FALSE
	EndGlobalSection
EndGlobal
